
Microsoft Visual Studio Solution File, Format Version 12.00
# Visual Studio Version 17
VisualStudioVersion = 17.3.32505.426
MinimumVisualStudioVersion = 10.0.40219.1
Project("{9A19103F-16F7-4668-BE54-9A1E7A4F7556}") = "GrowthBook.Core", "src\Growthbook.Core\GrowthBook.Core.csproj", "{17F1AA6A-40C8-42C2-8D9A-B04F4722DF4A}"
EndProject
Project("{9A19103F-16F7-4668-BE54-9A1E7A4F7556}") = "GrowthBook.Core.Tests", "tests\Growthbook.Core.Tests\GrowthBook.Core.Tests.csproj", "{D17953F3-9D29-4CBE-BF50-7FD5F169D850}"
EndProject
Global
	GlobalSection(SolutionConfigurationPlatforms) = preSolution
		Debug|Any CPU = Debug|Any CPU
		Release|Any CPU = Release|Any CPU
	EndGlobalSection
	GlobalSection(ProjectConfigurationPlatforms) = postSolution
		{17F1AA6A-40C8-42C2-8D9A-B04F4722DF4A}.Debug|Any CPU.ActiveCfg = Debug|Any CPU
		{17F1AA6A-40C8-42C2-8D9A-B04F4722DF4A}.Debug|Any CPU.Build.0 = Debug|Any CPU
		{17F1AA6A-40C8-42C2-8D9A-B04F4722DF4A}.Release|Any CPU.ActiveCfg = Release|Any CPU
		{17F1AA6A-40C8-42C2-8D9A-B04F4722DF4A}.Release|Any CPU.Build.0 = Release|Any CPU
		{D17953F3-9D29-4CBE-BF50-7FD5F169D850}.Debug|Any CPU.ActiveCfg = Debug|Any CPU
		{D17953F3-9D29-4CBE-BF50-7FD5F169D850}.Debug|Any CPU.Build.0 = Debug|Any CPU
		{D17953F3-9D29-4CBE-BF50-7FD5F169D850}.Release|Any CPU.ActiveCfg = Release|Any CPU
		{D17953F3-9D29-4CBE-BF50-7FD5F169D850}.Release|Any CPU.Build.0 = Release|Any CPU
	EndGlobalSection
	GlobalSection(SolutionProperties) = preSolution
		HideSolutionNode = FALSE
	EndGlobalSection
	GlobalSection(ExtensibilityGlobals) = postSolution
		SolutionGuid = {F7683C7D-12BC-4FCA-B435-3D37D74C2943}
	EndGlobalSection
EndGlobal
